{
	"name": "@dappcloud/ranger",
	"version": "0.0.1",
	"lockfileVersion": 1,
	"requires": true,
	"dependencies": {
		"@types/node": {
			"version": "14.17.4",
			"resolved": "https://registry.npmjs.org/@types/node/-/node-14.17.4.tgz",
			"integrity": "sha512-8kQ3+wKGRNN0ghtEn7EGps/B8CzuBz1nXZEIGGLP2GnwbqYn4dbTs7k+VKLTq1HvZLRCIDtN3Snx1Ege8B7L5A==",
			"dev": true
		},
		"arangojs": {
			"version": "7.5.0",
			"resolved": "https://registry.npmjs.org/arangojs/-/arangojs-7.5.0.tgz",
			"integrity": "sha512-9taMv73bo0O/bpFeqcT4xnYzu5yg+UZ9qGQ9SCAQXnKZZcOAwP1TixvOBv21il7XIzX28RCVoH+wp/u8Ajb8+Q==",
			"requires": {
				"@types/node": ">=13.13.4",
				"es6-error": "^4.0.1",
				"multi-part": "^3.0.0",
				"x3-linkedlist": "1.2.0",
				"xhr": "^2.4.1"
			},
			"dependencies": {
				"@types/node": {
					"version": "16.0.0",
					"resolved": "https://registry.npmjs.org/@types/node/-/node-16.0.0.tgz",
					"integrity": "sha512-TmCW5HoZ2o2/z2EYi109jLqIaPIi9y/lc2LmDCWzuCi35bcaQ+OtUh6nwBiFK7SOu25FAU5+YKdqFZUwtqGSdg=="
				}
			}
		},
		"dom-walk": {
			"version": "0.1.2",
			"resolved": "https://registry.npmjs.org/dom-walk/-/dom-walk-0.1.2.tgz",
			"integrity": "sha512-6QvTW9mrGeIegrFXdtQi9pk7O/nSK6lSdXW2eqUspN5LWD7UTji2Fqw5V2YLjBpHEoU9Xl/eUWNpDeZvoyOv2w=="
		},
		"es6-error": {
			"version": "4.1.1",
			"resolved": "https://registry.npmjs.org/es6-error/-/es6-error-4.1.1.tgz",
			"integrity": "sha512-Um/+FxMr9CISWh0bi5Zv0iOD+4cFh5qLeks1qhAopKVAJw3drgKbKySikp7wGhDL0HPeaja0P5ULZrxLkniUVg=="
		},
		"file-type": {
			"version": "12.4.2",
			"resolved": "https://registry.npmjs.org/file-type/-/file-type-12.4.2.tgz",
			"integrity": "sha512-UssQP5ZgIOKelfsaB5CuGAL+Y+q7EmONuiwF3N5HAH0t27rvrttgi6Ra9k/+DVaY9UF6+ybxu5pOXLUdA8N7Vg=="
		},
		"global": {
			"version": "4.4.0",
			"resolved": "https://registry.npmjs.org/global/-/global-4.4.0.tgz",
			"integrity": "sha512-wv/LAoHdRE3BeTGz53FAamhGlPLhlssK45usmGFThIi4XqnBmjKQ16u+RNbP7WvigRZDxUsM0J3gcQ5yicaL0w==",
			"requires": {
				"min-document": "^2.19.0",
				"process": "^0.11.10"
			}
		},
		"is-function": {
			"version": "1.0.2",
			"resolved": "https://registry.npmjs.org/is-function/-/is-function-1.0.2.tgz",
			"integrity": "sha512-lw7DUp0aWXYg+CBCN+JKkcE0Q2RayZnSvnZBlwgxHBQhqt5pZNVy4Ri7H9GmmXkdu7LUthszM+Tor1u/2iBcpQ=="
		},
		"mime-db": {
			"version": "1.48.0",
			"resolved": "https://registry.npmjs.org/mime-db/-/mime-db-1.48.0.tgz",
			"integrity": "sha512-FM3QwxV+TnZYQ2aRqhlKBMHxk10lTbMt3bBkMAp54ddrNeVSfcQYOOKuGuy3Ddrm38I04If834fOUSq1yzslJQ=="
		},
		"mime-kind": {
			"version": "3.0.0",
			"resolved": "https://registry.npmjs.org/mime-kind/-/mime-kind-3.0.0.tgz",
			"integrity": "sha512-sx9lClVP7GXY2mO3aVDWTQLhfvAdDvNhGi3o3g7+ae3aKaoybeGbEIlnreoRKjrbDpvlPltlkIryxOtatojeXQ==",
			"requires": {
				"file-type": "^12.1.0",
				"mime-types": "^2.1.24"
			}
		},
		"mime-types": {
			"version": "2.1.31",
			"resolved": "https://registry.npmjs.org/mime-types/-/mime-types-2.1.31.tgz",
			"integrity": "sha512-XGZnNzm3QvgKxa8dpzyhFTHmpP3l5YNusmne07VUOXxou9CqUqYa/HBy124RqtVh/O2pECas/MOcsDgpilPOPg==",
			"requires": {
				"mime-db": "1.48.0"
			}
		},
		"min-document": {
			"version": "2.19.0",
			"resolved": "https://registry.npmjs.org/min-document/-/min-document-2.19.0.tgz",
			"integrity": "sha1-e9KC4/WELtKVu3SM3Z8f+iyCRoU=",
			"requires": {
				"dom-walk": "^0.1.0"
			}
		},
		"multi-part": {
			"version": "3.0.0",
			"resolved": "https://registry.npmjs.org/multi-part/-/multi-part-3.0.0.tgz",
			"integrity": "sha512-pDbdYQ6DLDxAsD83w9R7r7rlW56cETL7hIB5bCWX7FJYw0K+kL5JwHr0I8tRk9lGeFcAzf+2OEzXWlG/4wCnFw==",
			"requires": {
				"mime-kind": "^3.0.0",
				"multi-part-lite": "^1.0.0"
			}
		},
		"multi-part-lite": {
			"version": "1.0.0",
			"resolved": "https://registry.npmjs.org/multi-part-lite/-/multi-part-lite-1.0.0.tgz",
			"integrity": "sha512-KxIRbBZZ45hoKX1ROD/19wJr0ql1bef1rE8Y1PCwD3PuNXV42pp7Wo8lEHYuAajoT4vfAFcd3rPjlkyEEyt1nw=="
		},
		"parse-headers": {
			"version": "2.0.3",
			"resolved": "https://registry.npmjs.org/parse-headers/-/parse-headers-2.0.3.tgz",
			"integrity": "sha512-QhhZ+DCCit2Coi2vmAKbq5RGTRcQUOE2+REgv8vdyu7MnYx2eZztegqtTx99TZ86GTIwqiy3+4nQTWZ2tgmdCA=="
		},
		"process": {
			"version": "0.11.10",
			"resolved": "https://registry.npmjs.org/process/-/process-0.11.10.tgz",
			"integrity": "sha1-czIwDoQBYb2j5podHZGn1LwW8YI="
		},
		"typescript": {
			"version": "4.3.5",
			"resolved": "https://registry.npmjs.org/typescript/-/typescript-4.3.5.tgz",
			"integrity": "sha512-DqQgihaQ9cUrskJo9kIyW/+g0Vxsk8cDtZ52a3NGh0YNTfpUSArXSohyUGnvbPazEPLu398C0UxmKSOrPumUzA==",
			"dev": true
		},
		"x3-linkedlist": {
			"version": "1.2.0",
			"resolved": "https://registry.npmjs.org/x3-linkedlist/-/x3-linkedlist-1.2.0.tgz",
			"integrity": "sha512-mH/YwxpYSKNa8bDNF1yOuZCMuV+K80LtDN8vcLDUAwNazCxptDNsYt+zA/EJeYiGbdtKposhKLZjErGVOR8mag=="
		},
		"xhr": {
			"version": "2.6.0",
			"resolved": "https://registry.npmjs.org/xhr/-/xhr-2.6.0.tgz",
			"integrity": "sha512-/eCGLb5rxjx5e3mF1A7s+pLlR6CGyqWN91fv1JgER5mVWg1MZmlhBvy9kjcsOdRk8RrIujotWyJamfyrp+WIcA==",
			"requires": {
				"global": "~4.4.0",
				"is-function": "^1.0.1",
				"parse-headers": "^2.0.0",
				"xtend": "^4.0.0"
			}
		},
		"xtend": {
			"version": "4.0.2",
			"resolved": "https://registry.npmjs.org/xtend/-/xtend-4.0.2.tgz",
			"integrity": "sha512-LKYU1iAXJXUgAXn9URjiu+MWhyUXHsvfp7mcuYm9dSUKK0/CjtrUwFAxD82/mCWbtLsGjFIad0wIsod4zrTAEQ=="
		}
	}
}
